
Microsoft Visual Studio Solution File, Format Version 12.00
# Visual Studio Version 17
VisualStudioVersion = 17.13.35931.197 d17.13
MinimumVisualStudioVersion = 10.0.40219.1
Project("{FAE04EC0-301F-11D3-BF4B-00C04F79EFBC}") = "URI1071", "URI1071.csproj", "{3095288E-3C84-46C7-A3D8-0830E10EBBB2}"
EndProject
Global
	GlobalSection(SolutionConfigurationPlatforms) = preSolution
		Debug|Any CPU = Debug|Any CPU
		Release|Any CPU = Release|Any CPU
	EndGlobalSection
	GlobalSection(ProjectConfigurationPlatforms) = postSolution
		{3095288E-3C84-46C7-A3D8-0830E10EBBB2}.Debug|Any CPU.ActiveCfg = Debug|Any CPU
		{3095288E-3C84-46C7-A3D8-0830E10EBBB2}.Debug|Any CPU.Build.0 = Debug|Any CPU
		{3095288E-3C84-46C7-A3D8-0830E10EBBB2}.Release|Any CPU.ActiveCfg = Release|Any CPU
		{3095288E-3C84-46C7-A3D8-0830E10EBBB2}.Release|Any CPU.Build.0 = Release|Any CPU
	EndGlobalSection
	GlobalSection(SolutionProperties) = preSolution
		HideSolutionNode = FALSE
	EndGlobalSection
	GlobalSection(ExtensibilityGlobals) = postSolution
		SolutionGuid = {235DD822-50E9-4574-9232-C317916B86EC}
	EndGlobalSection
EndGlobal
